// !$*UTF8*$!
{
	archiveVersion = 1;
	classes = {
	};
	objectVersion = 55;
	objects = {

/* Begin PBXBuildFile section */
		F91D096C278D6BDD00477D74 /* ImageListViewController.swift in Sources */ = {isa = PBXBuildFile; fileRef = F91D096B278D6BDD00477D74 /* ImageListViewController.swift */; };
		F92DE55A2776D13B007A651C /* AppDelegate.swift in Sources */ = {isa = PBXBuildFile; fileRef = F92DE5592776D13B007A651C /* AppDelegate.swift */; };
		F92DE55C2776D13B007A651C /* SceneDelegate.swift in Sources */ = {isa = PBXBuildFile; fileRef = F92DE55B2776D13B007A651C /* SceneDelegate.swift */; };
		F92DE55E2776D13B007A651C /* ViewController.swift in Sources */ = {isa = PBXBuildFile; fileRef = F92DE55D2776D13B007A651C /* ViewController.swift */; };
		F92DE5612776D13B007A651C /* Main.storyboard in Resources */ = {isa = PBXBuildFile; fileRef = F92DE55F2776D13B007A651C /* Main.storyboard */; };
		F92DE5632776D13C007A651C /* Assets.xcassets in Resources */ = {isa = PBXBuildFile; fileRef = F92DE5622776D13C007A651C /* Assets.xcassets */; };
		F92DE5662776D13C007A651C /* LaunchScreen.storyboard in Resources */ = {isa = PBXBuildFile; fileRef = F92DE5642776D13C007A651C /* LaunchScreen.storyboard */; };
		F92DE56E2776D208007A651C /* WebViewController.swift in Sources */ = {isa = PBXBuildFile; fileRef = F92DE56D2776D208007A651C /* WebViewController.swift */; };
		F9E55CC7277B1788004DDE9D /* WebViewModel.swift in Sources */ = {isa = PBXBuildFile; fileRef = F9E55CC6277B1788004DDE9D /* WebViewModel.swift */; };
		F9E55CC9277B1CF8004DDE9D /* ToolbarViewModel.swift in Sources */ = {isa = PBXBuildFile; fileRef = F9E55CC8277B1CF8004DDE9D /* ToolbarViewModel.swift */; };
		F9EA0B3B277847E700687296 /* ToolbarViewController.swift in Sources */ = {isa = PBXBuildFile; fileRef = F9EA0B3A277847E700687296 /* ToolbarViewController.swift */; };
		F9EA0B3D27784B9000687296 /* WebStateModel.swift in Sources */ = {isa = PBXBuildFile; fileRef = F9EA0B3C27784B9000687296 /* WebStateModel.swift */; };
/* End PBXBuildFile section */

/* Begin PBXFileReference section */
		F91D096B278D6BDD00477D74 /* ImageListViewController.swift */ = {isa = PBXFileReference; lastKnownFileType = sourcecode.swift; path = ImageListViewController.swift; sourceTree = "<group>"; };
		F92DE5562776D13B007A651C /* XBrowser.app */ = {isa = PBXFileReference; explicitFileType = wrapper.application; includeInIndex = 0; path = XBrowser.app; sourceTree = BUILT_PRODUCTS_DIR; };
		F92DE5592776D13B007A651C /* AppDelegate.swift */ = {isa = PBXFileReference; lastKnownFileType = sourcecode.swift; path = AppDelegate.swift; sourceTree = "<group>"; };
		F92DE55B2776D13B007A651C /* SceneDelegate.swift */ = {isa = PBXFileReference; lastKnownFileType = sourcecode.swift; path = SceneDelegate.swift; sourceTree = "<group>"; };
		F92DE55D2776D13B007A651C /* ViewController.swift */ = {isa = PBXFileReference; lastKnownFileType = sourcecode.swift; path = ViewController.swift; sourceTree = "<group>"; };
		F92DE5602776D13B007A651C /* Base */ = {isa = PBXFileReference; lastKnownFileType = file.storyboard; name = Base; path = Base.lproj/Main.storyboard; sourceTree = "<group>"; };
		F92DE5622776D13C007A651C /* Assets.xcassets */ = {isa = PBXFileReference; lastKnownFileType = folder.assetcatalog; path = Assets.xcassets; sourceTree = "<group>"; };
		F92DE5652776D13C007A651C /* Base */ = {isa = PBXFileReference; lastKnownFileType = file.storyboard; name = Base; path = Base.lproj/LaunchScreen.storyboard; sourceTree = "<group>"; };
		F92DE5672776D13C007A651C /* Info.plist */ = {isa = PBXFileReference; lastKnownFileType = text.plist.xml; path = Info.plist; sourceTree = "<group>"; };
		F92DE56D2776D208007A651C /* WebViewController.swift */ = {isa = PBXFileReference; lastKnownFileType = sourcecode.swift; path = WebViewController.swift; sourceTree = "<group>"; };
		F9E55CC6277B1788004DDE9D /* WebViewModel.swift */ = {isa = PBXFileReference; lastKnownFileType = sourcecode.swift; path = WebViewModel.swift; sourceTree = "<group>"; };
		F9E55CC8277B1CF8004DDE9D /* ToolbarViewModel.swift */ = {isa = PBXFileReference; lastKnownFileType = sourcecode.swift; path = ToolbarViewModel.swift; sourceTree = "<group>"; };
		F9EA0B3A277847E700687296 /* ToolbarViewController.swift */ = {isa = PBXFileReference; lastKnownFileType = sourcecode.swift; path = ToolbarViewController.swift; sourceTree = "<group>"; };
		F9EA0B3C27784B9000687296 /* WebStateModel.swift */ = {isa = PBXFileReference; lastKnownFileType = sourcecode.swift; path = WebStateModel.swift; sourceTree = "<group>"; };
/* End PBXFileReference section */

/* Begin PBXFrameworksBuildPhase section */
		F92DE5532776D13B007A651C /* Frameworks */ = {
			isa = PBXFrameworksBuildPhase;
			buildActionMask = 2147483647;
			files = (
			);
			runOnlyForDeploymentPostprocessing = 0;
		};
/* End PBXFrameworksBuildPhase section */

/* Begin PBXGroup section */
		F92DE54D2776D13B007A651C = {
			isa = PBXGroup;
			children = (
				F92DE5582776D13B007A651C /* XBrowser */,
				F92DE5572776D13B007A651C /* Products */,
			);
			sourceTree = "<group>";
		};
		F92DE5572776D13B007A651C /* Products */ = {
			isa = PBXGroup;
			children = (
				F92DE5562776D13B007A651C /* XBrowser.app */,
			);
			name = Products;
			sourceTree = "<group>";
		};
		F92DE5582776D13B007A651C /* XBrowser */ = {
			isa = PBXGroup;
			children = (
				F92DE5592776D13B007A651C /* AppDelegate.swift */,
				F92DE55B2776D13B007A651C /* SceneDelegate.swift */,
				F92DE55D2776D13B007A651C /* ViewController.swift */,
				F92DE55F2776D13B007A651C /* Main.storyboard */,
				F92DE5622776D13C007A651C /* Assets.xcassets */,
				F92DE5642776D13C007A651C /* LaunchScreen.storyboard */,
				F92DE5672776D13C007A651C /* Info.plist */,
				F9EA0B3C27784B9000687296 /* WebStateModel.swift */,
				F92DE56D2776D208007A651C /* WebViewController.swift */,
				F9E55CC6277B1788004DDE9D /* WebViewModel.swift */,
				F9EA0B3A277847E700687296 /* ToolbarViewController.swift */,
				F9E55CC8277B1CF8004DDE9D /* ToolbarViewModel.swift */,
				F91D096B278D6BDD00477D74 /* ImageListViewController.swift */,
			);
			path = XBrowser;
			sourceTree = "<group>";
		};
/* End PBXGroup section */

/* Begin PBXNativeTarget section */
		F92DE5552776D13B007A651C /* XBrowser */ = {
			isa = PBXNativeTarget;
			buildConfigurationList = F92DE56A2776D13C007A651C /* Build configuration list for PBXNativeTarget "XBrowser" */;
			buildPhases = (
				F92DE5522776D13B007A651C /* Sources */,
				F92DE5532776D13B007A651C /* Frameworks */,
				F92DE5542776D13B007A651C /* Resources */,
			);
			buildRules = (
			);
			dependencies = (
			);
			name = XBrowser;
			productName = XBrowser;
			productReference = F92DE5562776D13B007A651C /* XBrowser.app */;
			productType = "com.apple.product-type.application";
		};
/* End PBXNativeTarget section */

/* Begin PBXProject section */
		F92DE54E2776D13B007A651C /* Project object */ = {
			isa = PBXProject;
			attributes = {
				BuildIndependentTargetsInParallel = 1;
				LastSwiftUpdateCheck = 1310;
				LastUpgradeCheck = 1310;
				TargetAttributes = {
					F92DE5552776D13B007A651C = {
						CreatedOnToolsVersion = 13.1;
					};
				};
			};
			buildConfigurationList = F92DE5512776D13B007A651C /* Build configuration list for PBXProject "XBrowser" */;
			compatibilityVersion = "Xcode 13.0";
			developmentRegion = en;
			hasScannedForEncodings = 0;
			knownRegions = (
				en,
				Base,
			);
			mainGroup = F92DE54D2776D13B007A651C;
			productRefGroup = F92DE5572776D13B007A651C /* Products */;
			projectDirPath = "";
			projectRoot = "";
			targets = (
				F92DE5552776D13B007A651C /* XBrowser */,
			);
		};
/* End PBXProject section */

/* Begin PBXResourcesBuildPhase section */
		F92DE5542776D13B007A651C /* Resources */ = {
			isa = PBXResourcesBuildPhase;
			buildActionMask = 2147483647;
			files = (
				F92DE5662776D13C007A651C /* LaunchScreen.storyboard in Resources */,
				F92DE5632776D13C007A651C /* Assets.xcassets in Resources */,
				F92DE5612776D13B007A651C /* Main.storyboard in Resources */,
			);
			runOnlyForDeploymentPostprocessing = 0;
		};
/* End PBXResourcesBuildPhase section */

/* Begin PBXSourcesBuildPhase section */
		F92DE5522776D13B007A651C /* Sources */ = {
			isa = PBXSourcesBuildPhase;
			buildActionMask = 2147483647;
			files = (
				F9E55CC9277B1CF8004DDE9D /* ToolbarViewModel.swift in Sources */,
				F9EA0B3D27784B9000687296 /* WebStateModel.swift in Sources */,
				F92DE55E2776D13B007A651C /* ViewController.swift in Sources */,
				F92DE55A2776D13B007A651C /* AppDelegate.swift in Sources */,
				F92DE55C2776D13B007A651C /* SceneDelegate.swift in Sources */,
				F9EA0B3B277847E700687296 /* ToolbarViewController.swift in Sources */,
				F91D096C278D6BDD00477D74 /* ImageListViewController.swift in Sources */,
				F92DE56E2776D208007A651C /* WebViewController.swift in Sources */,
				F9E55CC7277B1788004DDE9D /* WebViewModel.swift in Sources */,
			);
			runOnlyForDeploymentPostprocessing = 0;
		};
/* End PBXSourcesBuildPhase section */

/* Begin PBXVariantGroup section */
		F92DE55F2776D13B007A651C /* Main.storyboard */ = {
			isa = PBXVariantGroup;
			children = (
				F92DE5602776D13B007A651C /* Base */,
			);
			name = Main.storyboard;
			sourceTree = "<group>";
		};
		F92DE5642776D13C007A651C /* LaunchScreen.storyboard */ = {
			isa = PBXVariantGroup;
			children = (
				F92DE5652776D13C007A651C /* Base */,
			);
			name = LaunchScreen.storyboard;
			sourceTree = "<group>";
		};
/* End PBXVariantGroup section */

/* Begin XCBuildConfiguration section */
		F92DE5682776D13C007A651C /* Debug */ = {
			isa = XCBuildConfiguration;
			buildSettings = {
				ALWAYS_SEARCH_USER_PATHS = NO;
				CLANG_ANALYZER_NONNULL = YES;
				CLANG_ANALYZER_NUMBER_OBJECT_CONVERSION = YES_AGGRESSIVE;
				CLANG_CXX_LANGUAGE_STANDARD = "gnu++17";
				CLANG_CXX_LIBRARY = "libc++";
				CLANG_ENABLE_MODULES = YES;
				CLANG_ENABLE_OBJC_ARC = YES;
				CLANG_ENABLE_OBJC_WEAK = YES;
				CLANG_WARN_BLOCK_CAPTURE_AUTORELEASING = YES;
				CLANG_WARN_BOOL_CONVERSION = YES;
				CLANG_WARN_COMMA = YES;
				CLANG_WARN_CONSTANT_CONVERSION = YES;
				CLANG_WARN_DEPRECATED_OBJC_IMPLEMENTATIONS = YES;
				CLANG_WARN_DIRECT_OBJC_ISA_USAGE = YES_ERROR;
				CLANG_WARN_DOCUMENTATION_COMMENTS = YES;
				CLANG_WARN_EMPTY_BODY = YES;
				CLANG_WARN_ENUM_CONVERSION = YES;
				CLANG_WARN_INFINITE_RECURSION = YES;
				CLANG_WARN_INT_CONVERSION = YES;
				CLANG_WARN_NON_LITERAL_NULL_CONVERSION = YES;
				CLANG_WARN_OBJC_IMPLICIT_RETAIN_SELF = YES;
				CLANG_WARN_OBJC_LITERAL_CONVERSION = YES;
				CLANG_WARN_OBJC_ROOT_CLASS = YES_ERROR;
				CLANG_WARN_QUOTED_INCLUDE_IN_FRAMEWORK_HEADER = YES;
				CLANG_WARN_RANGE_LOOP_ANALYSIS = YES;
				CLANG_WARN_STRICT_PROTOTYPES = YES;
				CLANG_WARN_SUSPICIOUS_MOVE = YES;
				CLANG_WARN_UNGUARDED_AVAILABILITY = YES_AGGRESSIVE;
				CLANG_WARN_UNREACHABLE_CODE = YES;
				CLANG_WARN__DUPLICATE_METHOD_MATCH = YES;
				COPY_PHASE_STRIP = NO;
				DEBUG_INFORMATION_FORMAT = dwarf;
				ENABLE_STRICT_OBJC_MSGSEND = YES;
				ENABLE_TESTABILITY = YES;
				GCC_C_LANGUAGE_STANDARD = gnu11;
				GCC_DYNAMIC_NO_PIC = NO;
				GCC_NO_COMMON_BLOCKS = YES;
				GCC_OPTIMIZATION_LEVEL = 0;
				GCC_PREPROCESSOR_DEFINITIONS = (
					"DEBUG=1",
					"$(inherited)",
				);
				GCC_WARN_64_TO_32_BIT_CONVERSION = YES;
				GCC_WARN_ABOUT_RETURN_TYPE = YES_ERROR;
				GCC_WARN_UNDECLARED_SELECTOR = YES;
				GCC_WARN_UNINITIALIZED_AUTOS = YES_AGGRESSIVE;
				GCC_WARN_UNUSED_FUNCTION = YES;
				GCC_WARN_UNUSED_VARIABLE = YES;
				IPHONEOS_DEPLOYMENT_TARGET = 14.0;
				MTL_ENABLE_DEBUG_INFO = INCLUDE_SOURCE;
				MTL_FAST_MATH = YES;
				ONLY_ACTIVE_ARCH = YES;
				SDKROOT = iphoneos;
				SWIFT_ACTIVE_COMPILATION_CONDITIONS = DEBUG;
				SWIFT_OPTIMIZATION_LEVEL = "-Onone";
			};
			name = Debug;
		};
		F92DE5692776D13C007A651C /* Release */ = {
			isa = XCBuildConfiguration;
			buildSettings = {
				ALWAYS_SEARCH_USER_PATHS = NO;
				CLANG_ANALYZER_NONNULL = YES;
				CLANG_ANALYZER_NUMBER_OBJECT_CONVERSION = YES_AGGRESSIVE;
				CLANG_CXX_LANGUAGE_STANDARD = "gnu++17";
				CLANG_CXX_LIBRARY = "libc++";
				CLANG_ENABLE_MODULES = YES;
				CLANG_ENABLE_OBJC_ARC = YES;
				CLANG_ENABLE_OBJC_WEAK = YES;
				CLANG_WARN_BLOCK_CAPTURE_AUTORELEASING = YES;
				CLANG_WARN_BOOL_CONVERSION = YES;
				CLANG_WARN_COMMA = YES;
				CLANG_WARN_CONSTANT_CONVERSION = YES;
				CLANG_WARN_DEPRECATED_OBJC_IMPLEMENTATIONS = YES;
				CLANG_WARN_DIRECT_OBJC_ISA_USAGE = YES_ERROR;
				CLANG_WARN_DOCUMENTATION_COMMENTS = YES;
				CLANG_WARN_EMPTY_BODY = YES;
				CLANG_WARN_ENUM_CONVERSION = YES;
				CLANG_WARN_INFINITE_RECURSION = YES;
				CLANG_WARN_INT_CONVERSION = YES;
				CLANG_WARN_NON_LITERAL_NULL_CONVERSION = YES;
				CLANG_WARN_OBJC_IMPLICIT_RETAIN_SELF = YES;
				CLANG_WARN_OBJC_LITERAL_CONVERSION = YES;
				CLANG_WARN_OBJC_ROOT_CLASS = YES_ERROR;
				CLANG_WARN_QUOTED_INCLUDE_IN_FRAMEWORK_HEADER = YES;
				CLANG_WARN_RANGE_LOOP_ANALYSIS = YES;
				CLANG_WARN_STRICT_PROTOTYPES = YES;
				CLANG_WARN_SUSPICIOUS_MOVE = YES;
				CLANG_WARN_UNGUARDED_AVAILABILITY = YES_AGGRESSIVE;
				CLANG_WARN_UNREACHABLE_CODE = YES;
				CLANG_WARN__DUPLICATE_METHOD_MATCH = YES;
				COPY_PHASE_STRIP = NO;
				DEBUG_INFORMATION_FORMAT = "dwarf-with-dsym";
				ENABLE_NS_ASSERTIONS = NO;
				ENABLE_STRICT_OBJC_MSGSEND = YES;
				GCC_C_LANGUAGE_STANDARD = gnu11;
				GCC_NO_COMMON_BLOCKS = YES;
				GCC_WARN_64_TO_32_BIT_CONVERSION = YES;
				GCC_WARN_ABOUT_RETURN_TYPE = YES_ERROR;
				GCC_WARN_UNDECLARED_SELECTOR = YES;
				GCC_WARN_UNINITIALIZED_AUTOS = YES_AGGRESSIVE;
				GCC_WARN_UNUSED_FUNCTION = YES;
				GCC_WARN_UNUSED_VARIABLE = YES;
				IPHONEOS_DEPLOYMENT_TARGET = 14.0;
				MTL_ENABLE_DEBUG_INFO = NO;
				MTL_FAST_MATH = YES;
				SDKROOT = iphoneos;
				SWIFT_COMPILATION_MODE = wholemodule;
				SWIFT_OPTIMIZATION_LEVEL = "-O";
				VALIDATE_PRODUCT = YES;
			};
			name = Release;
		};
		F92DE56B2776D13C007A651C /* Debug */ = {
			isa = XCBuildConfiguration;
			buildSettings = {
				ASSETCATALOG_COMPILER_APPICON_NAME = AppIcon;
				ASSETCATALOG_COMPILER_GLOBAL_ACCENT_COLOR_NAME = AccentColor;
				CODE_SIGN_STYLE = Automatic;
				CURRENT_PROJECT_VERSION = 1;
				DEVELOPMENT_TEAM = 477H9TWJ76;
				GENERATE_INFOPLIST_FILE = YES;
				INFOPLIST_FILE = XBrowser/Info.plist;
				INFOPLIST_KEY_UIApplicationSupportsIndirectInputEvents = YES;
				INFOPLIST_KEY_UILaunchStoryboardName = LaunchScreen;
				INFOPLIST_KEY_UIMainStoryboardFile = Main;
				INFOPLIST_KEY_UISupportedInterfaceOrientations_iPad = "UIInterfaceOrientationPortrait UIInterfaceOrientationPortraitUpsideDown UIInterfaceOrientationLandscapeLeft UIInterfaceOrientationLandscapeRight";
				INFOPLIST_KEY_UISupportedInterfaceOrientations_iPhone = "UIInterfaceOrientationPortrait UIInterfaceOrientationLandscapeLeft UIInterfaceOrientationLandscapeRight";
				LD_RUNPATH_SEARCH_PATHS = (
					"$(inherited)",
					"@executable_path/Frameworks",
				);
				MARKETING_VERSION = 1.0;
				PRODUCT_BUNDLE_IDENTIFIER = com.coccoc.XBrowser;
				PRODUCT_NAME = "$(TARGET_NAME)";
				SWIFT_EMIT_LOC_STRINGS = YES;
				SWIFT_VERSION = 5.0;
				TARGETED_DEVICE_FAMILY = "1,2";
			};
			name = Debug;
		};
		F92DE56C2776D13C007A651C /* Release */ = {
			isa = XCBuildConfiguration;
			buildSettings = {
				ASSETCATALOG_COMPILER_APPICON_NAME = AppIcon;
				ASSETCATALOG_COMPILER_GLOBAL_ACCENT_COLOR_NAME = AccentColor;
				CODE_SIGN_STYLE = Automatic;
				CURRENT_PROJECT_VERSION = 1;
				DEVELOPMENT_TEAM = 477H9TWJ76;
				GENERATE_INFOPLIST_FILE = YES;
				INFOPLIST_FILE = XBrowser/Info.plist;
				INFOPLIST_KEY_UIApplicationSupportsIndirectInputEvents = YES;
				INFOPLIST_KEY_UILaunchStoryboardName = LaunchScreen;
				INFOPLIST_KEY_UIMainStoryboardFile = Main;
				INFOPLIST_KEY_UISupportedInterfaceOrientations_iPad = "UIInterfaceOrientationPortrait UIInterfaceOrientationPortraitUpsideDown UIInterfaceOrientationLandscapeLeft UIInterfaceOrientationLandscapeRight";
				INFOPLIST_KEY_UISupportedInterfaceOrientations_iPhone = "UIInterfaceOrientationPortrait UIInterfaceOrientationLandscapeLeft UIInterfaceOrientationLandscapeRight";
				LD_RUNPATH_SEARCH_PATHS = (
					"$(inherited)",
					"@executable_path/Frameworks",
				);
				MARKETING_VERSION = 1.0;
				PRODUCT_BUNDLE_IDENTIFIER = com.coccoc.XBrowser;
				PRODUCT_NAME = "$(TARGET_NAME)";
				SWIFT_EMIT_LOC_STRINGS = YES;
				SWIFT_VERSION = 5.0;
				TARGETED_DEVICE_FAMILY = "1,2";
			};
			name = Release;
		};
/* End XCBuildConfiguration section */

/* Begin XCConfigurationList section */
		F92DE5512776D13B007A651C /* Build configuration list for PBXProject "XBrowser" */ = {
			isa = XCConfigurationList;
			buildConfigurations = (
				F92DE5682776D13C007A651C /* Debug */,
				F92DE5692776D13C007A651C /* Release */,
			);
			defaultConfigurationIsVisible = 0;
			defaultConfigurationName = Release;
		};
		F92DE56A2776D13C007A651C /* Build configuration list for PBXNativeTarget "XBrowser" */ = {
			isa = XCConfigurationList;
			buildConfigurations = (
				F92DE56B2776D13C007A651C /* Debug */,
				F92DE56C2776D13C007A651C /* Release */,
			);
			defaultConfigurationIsVisible = 0;
			defaultConfigurationName = Release;
		};
/* End XCConfigurationList section */
	};
	rootObject = F92DE54E2776D13B007A651C /* Project object */;
}
